
Microsoft Visual Studio Solution File, Format Version 12.00
# Visual Studio 15
VisualStudioVersion = 15.0.28307.705
MinimumVisualStudioVersion = 10.0.40219.1
Project("{FAE04EC0-301F-11D3-BF4B-00C04F79EFBC}") = "mvcAddress", "mvcAddress\mvcAddress.csproj", "{6C395825-9E8A-4BB6-8D87-8DC874E1059F}"
EndProject
Project("{FAE04EC0-301F-11D3-BF4B-00C04F79EFBC}") = "apiAdressbook", "apiAdressbook\apiAdressbook.csproj", "{8C0F9B3B-3434-4904-8E5C-1EC34DFD1289}"
EndProject
Project("{FAE04EC0-301F-11D3-BF4B-00C04F79EFBC}") = "appAddress.Android", "appAddress\appAddress.Android\appAddress.Android.csproj", "{C4542E3D-AC02-4FEB-8C99-9577C3E4545E}"
EndProject
Project("{FAE04EC0-301F-11D3-BF4B-00C04F79EFBC}") = "appAddress.iOS", "appAddress\appAddress.iOS\appAddress.iOS.csproj", "{E58ADACA-D923-47F7-BD32-F284E156CD44}"
EndProject
Project("{FAE04EC0-301F-11D3-BF4B-00C04F79EFBC}") = "appAddress", "appAddress\appAddress\appAddress.csproj", "{E705EB0C-667E-4BA3-8054-981E21A1DBE2}"
EndProject
Global
	GlobalSection(SolutionConfigurationPlatforms) = preSolution
		Ad-Hoc|Any CPU = Ad-Hoc|Any CPU
		Ad-Hoc|iPhone = Ad-Hoc|iPhone
		Ad-Hoc|iPhoneSimulator = Ad-Hoc|iPhoneSimulator
		AppStore|Any CPU = AppStore|Any CPU
		AppStore|iPhone = AppStore|iPhone
		AppStore|iPhoneSimulator = AppStore|iPhoneSimulator
		Debug|Any CPU = Debug|Any CPU
		Debug|iPhone = Debug|iPhone
		Debug|iPhoneSimulator = Debug|iPhoneSimulator
		Release|Any CPU = Release|Any CPU
		Release|iPhone = Release|iPhone
		Release|iPhoneSimulator = Release|iPhoneSimulator
	EndGlobalSection
	GlobalSection(ProjectConfigurationPlatforms) = postSolution
		{6C395825-9E8A-4BB6-8D87-8DC874E1059F}.Ad-Hoc|Any CPU.ActiveCfg = Release|Any CPU
		{6C395825-9E8A-4BB6-8D87-8DC874E1059F}.Ad-Hoc|Any CPU.Build.0 = Release|Any CPU
		{6C395825-9E8A-4BB6-8D87-8DC874E1059F}.Ad-Hoc|iPhone.ActiveCfg = Release|Any CPU
		{6C395825-9E8A-4BB6-8D87-8DC874E1059F}.Ad-Hoc|iPhone.Build.0 = Release|Any CPU
		{6C395825-9E8A-4BB6-8D87-8DC874E1059F}.Ad-Hoc|iPhoneSimulator.ActiveCfg = Release|Any CPU
		{6C395825-9E8A-4BB6-8D87-8DC874E1059F}.Ad-Hoc|iPhoneSimulator.Build.0 = Release|Any CPU
		{6C395825-9E8A-4BB6-8D87-8DC874E1059F}.AppStore|Any CPU.ActiveCfg = Release|Any CPU
		{6C395825-9E8A-4BB6-8D87-8DC874E1059F}.AppStore|Any CPU.Build.0 = Release|Any CPU
		{6C395825-9E8A-4BB6-8D87-8DC874E1059F}.AppStore|iPhone.ActiveCfg = Release|Any CPU
		{6C395825-9E8A-4BB6-8D87-8DC874E1059F}.AppStore|iPhone.Build.0 = Release|Any CPU
		{6C395825-9E8A-4BB6-8D87-8DC874E1059F}.AppStore|iPhoneSimulator.ActiveCfg = Release|Any CPU
		{6C395825-9E8A-4BB6-8D87-8DC874E1059F}.AppStore|iPhoneSimulator.Build.0 = Release|Any CPU
		{6C395825-9E8A-4BB6-8D87-8DC874E1059F}.Debug|Any CPU.ActiveCfg = Debug|Any CPU
		{6C395825-9E8A-4BB6-8D87-8DC874E1059F}.Debug|Any CPU.Build.0 = Debug|Any CPU
		{6C395825-9E8A-4BB6-8D87-8DC874E1059F}.Debug|iPhone.ActiveCfg = Debug|Any CPU
		{6C395825-9E8A-4BB6-8D87-8DC874E1059F}.Debug|iPhone.Build.0 = Debug|Any CPU
		{6C395825-9E8A-4BB6-8D87-8DC874E1059F}.Debug|iPhoneSimulator.ActiveCfg = Debug|Any CPU
		{6C395825-9E8A-4BB6-8D87-8DC874E1059F}.Debug|iPhoneSimulator.Build.0 = Debug|Any CPU
		{6C395825-9E8A-4BB6-8D87-8DC874E1059F}.Release|Any CPU.ActiveCfg = Release|Any CPU
		{6C395825-9E8A-4BB6-8D87-8DC874E1059F}.Release|Any CPU.Build.0 = Release|Any CPU
		{6C395825-9E8A-4BB6-8D87-8DC874E1059F}.Release|iPhone.ActiveCfg = Release|Any CPU
		{6C395825-9E8A-4BB6-8D87-8DC874E1059F}.Release|iPhone.Build.0 = Release|Any CPU
		{6C395825-9E8A-4BB6-8D87-8DC874E1059F}.Release|iPhoneSimulator.ActiveCfg = Release|Any CPU
		{6C395825-9E8A-4BB6-8D87-8DC874E1059F}.Release|iPhoneSimulator.Build.0 = Release|Any CPU
		{8C0F9B3B-3434-4904-8E5C-1EC34DFD1289}.Ad-Hoc|Any CPU.ActiveCfg = Release|Any CPU
		{8C0F9B3B-3434-4904-8E5C-1EC34DFD1289}.Ad-Hoc|Any CPU.Build.0 = Release|Any CPU
		{8C0F9B3B-3434-4904-8E5C-1EC34DFD1289}.Ad-Hoc|iPhone.ActiveCfg = Release|Any CPU
		{8C0F9B3B-3434-4904-8E5C-1EC34DFD1289}.Ad-Hoc|iPhone.Build.0 = Release|Any CPU
		{8C0F9B3B-3434-4904-8E5C-1EC34DFD1289}.Ad-Hoc|iPhoneSimulator.ActiveCfg = Release|Any CPU
		{8C0F9B3B-3434-4904-8E5C-1EC34DFD1289}.Ad-Hoc|iPhoneSimulator.Build.0 = Release|Any CPU
		{8C0F9B3B-3434-4904-8E5C-1EC34DFD1289}.AppStore|Any CPU.ActiveCfg = Release|Any CPU
		{8C0F9B3B-3434-4904-8E5C-1EC34DFD1289}.AppStore|Any CPU.Build.0 = Release|Any CPU
		{8C0F9B3B-3434-4904-8E5C-1EC34DFD1289}.AppStore|iPhone.ActiveCfg = Release|Any CPU
		{8C0F9B3B-3434-4904-8E5C-1EC34DFD1289}.AppStore|iPhone.Build.0 = Release|Any CPU
		{8C0F9B3B-3434-4904-8E5C-1EC34DFD1289}.AppStore|iPhoneSimulator.ActiveCfg = Release|Any CPU
		{8C0F9B3B-3434-4904-8E5C-1EC34DFD1289}.AppStore|iPhoneSimulator.Build.0 = Release|Any CPU
		{8C0F9B3B-3434-4904-8E5C-1EC34DFD1289}.Debug|Any CPU.ActiveCfg = Debug|Any CPU
		{8C0F9B3B-3434-4904-8E5C-1EC34DFD1289}.Debug|Any CPU.Build.0 = Debug|Any CPU
		{8C0F9B3B-3434-4904-8E5C-1EC34DFD1289}.Debug|iPhone.ActiveCfg = Debug|Any CPU
		{8C0F9B3B-3434-4904-8E5C-1EC34DFD1289}.Debug|iPhone.Build.0 = Debug|Any CPU
		{8C0F9B3B-3434-4904-8E5C-1EC34DFD1289}.Debug|iPhoneSimulator.ActiveCfg = Debug|Any CPU
		{8C0F9B3B-3434-4904-8E5C-1EC34DFD1289}.Debug|iPhoneSimulator.Build.0 = Debug|Any CPU
		{8C0F9B3B-3434-4904-8E5C-1EC34DFD1289}.Release|Any CPU.ActiveCfg = Release|Any CPU
		{8C0F9B3B-3434-4904-8E5C-1EC34DFD1289}.Release|Any CPU.Build.0 = Release|Any CPU
		{8C0F9B3B-3434-4904-8E5C-1EC34DFD1289}.Release|iPhone.ActiveCfg = Release|Any CPU
		{8C0F9B3B-3434-4904-8E5C-1EC34DFD1289}.Release|iPhone.Build.0 = Release|Any CPU
		{8C0F9B3B-3434-4904-8E5C-1EC34DFD1289}.Release|iPhoneSimulator.ActiveCfg = Release|Any CPU
		{8C0F9B3B-3434-4904-8E5C-1EC34DFD1289}.Release|iPhoneSimulator.Build.0 = Release|Any CPU
		{C4542E3D-AC02-4FEB-8C99-9577C3E4545E}.Ad-Hoc|Any CPU.ActiveCfg = Release|Any CPU
		{C4542E3D-AC02-4FEB-8C99-9577C3E4545E}.Ad-Hoc|Any CPU.Build.0 = Release|Any CPU
		{C4542E3D-AC02-4FEB-8C99-9577C3E4545E}.Ad-Hoc|Any CPU.Deploy.0 = Release|Any CPU
		{C4542E3D-AC02-4FEB-8C99-9577C3E4545E}.Ad-Hoc|iPhone.ActiveCfg = Release|Any CPU
		{C4542E3D-AC02-4FEB-8C99-9577C3E4545E}.Ad-Hoc|iPhone.Build.0 = Release|Any CPU
		{C4542E3D-AC02-4FEB-8C99-9577C3E4545E}.Ad-Hoc|iPhone.Deploy.0 = Release|Any CPU
		{C4542E3D-AC02-4FEB-8C99-9577C3E4545E}.Ad-Hoc|iPhoneSimulator.ActiveCfg = Release|Any CPU
		{C4542E3D-AC02-4FEB-8C99-9577C3E4545E}.Ad-Hoc|iPhoneSimulator.Build.0 = Release|Any CPU
		{C4542E3D-AC02-4FEB-8C99-9577C3E4545E}.Ad-Hoc|iPhoneSimulator.Deploy.0 = Release|Any CPU
		{C4542E3D-AC02-4FEB-8C99-9577C3E4545E}.AppStore|Any CPU.ActiveCfg = Release|Any CPU
		{C4542E3D-AC02-4FEB-8C99-9577C3E4545E}.AppStore|Any CPU.Build.0 = Release|Any CPU
		{C4542E3D-AC02-4FEB-8C99-9577C3E4545E}.AppStore|Any CPU.Deploy.0 = Release|Any CPU
		{C4542E3D-AC02-4FEB-8C99-9577C3E4545E}.AppStore|iPhone.ActiveCfg = Release|Any CPU
		{C4542E3D-AC02-4FEB-8C99-9577C3E4545E}.AppStore|iPhone.Build.0 = Release|Any CPU
		{C4542E3D-AC02-4FEB-8C99-9577C3E4545E}.AppStore|iPhone.Deploy.0 = Release|Any CPU
		{C4542E3D-AC02-4FEB-8C99-9577C3E4545E}.AppStore|iPhoneSimulator.ActiveCfg = Release|Any CPU
		{C4542E3D-AC02-4FEB-8C99-9577C3E4545E}.AppStore|iPhoneSimulator.Build.0 = Release|Any CPU
		{C4542E3D-AC02-4FEB-8C99-9577C3E4545E}.AppStore|iPhoneSimulator.Deploy.0 = Release|Any CPU
		{C4542E3D-AC02-4FEB-8C99-9577C3E4545E}.Debug|Any CPU.ActiveCfg = Debug|Any CPU
		{C4542E3D-AC02-4FEB-8C99-9577C3E4545E}.Debug|Any CPU.Build.0 = Debug|Any CPU
		{C4542E3D-AC02-4FEB-8C99-9577C3E4545E}.Debug|Any CPU.Deploy.0 = Debug|Any CPU
		{C4542E3D-AC02-4FEB-8C99-9577C3E4545E}.Debug|iPhone.ActiveCfg = Debug|Any CPU
		{C4542E3D-AC02-4FEB-8C99-9577C3E4545E}.Debug|iPhone.Build.0 = Debug|Any CPU
		{C4542E3D-AC02-4FEB-8C99-9577C3E4545E}.Debug|iPhone.Deploy.0 = Debug|Any CPU
		{C4542E3D-AC02-4FEB-8C99-9577C3E4545E}.Debug|iPhoneSimulator.ActiveCfg = Debug|Any CPU
		{C4542E3D-AC02-4FEB-8C99-9577C3E4545E}.Debug|iPhoneSimulator.Build.0 = Debug|Any CPU
		{C4542E3D-AC02-4FEB-8C99-9577C3E4545E}.Debug|iPhoneSimulator.Deploy.0 = Debug|Any CPU
		{C4542E3D-AC02-4FEB-8C99-9577C3E4545E}.Release|Any CPU.ActiveCfg = Release|Any CPU
		{C4542E3D-AC02-4FEB-8C99-9577C3E4545E}.Release|Any CPU.Build.0 = Release|Any CPU
		{C4542E3D-AC02-4FEB-8C99-9577C3E4545E}.Release|Any CPU.Deploy.0 = Release|Any CPU
		{C4542E3D-AC02-4FEB-8C99-9577C3E4545E}.Release|iPhone.ActiveCfg = Release|Any CPU
		{C4542E3D-AC02-4FEB-8C99-9577C3E4545E}.Release|iPhone.Build.0 = Release|Any CPU
		{C4542E3D-AC02-4FEB-8C99-9577C3E4545E}.Release|iPhone.Deploy.0 = Release|Any CPU
		{C4542E3D-AC02-4FEB-8C99-9577C3E4545E}.Release|iPhoneSimulator.ActiveCfg = Release|Any CPU
		{C4542E3D-AC02-4FEB-8C99-9577C3E4545E}.Release|iPhoneSimulator.Build.0 = Release|Any CPU
		{C4542E3D-AC02-4FEB-8C99-9577C3E4545E}.Release|iPhoneSimulator.Deploy.0 = Release|Any CPU
		{E58ADACA-D923-47F7-BD32-F284E156CD44}.Ad-Hoc|Any CPU.ActiveCfg = Ad-Hoc|iPhone
		{E58ADACA-D923-47F7-BD32-F284E156CD44}.Ad-Hoc|iPhone.ActiveCfg = Ad-Hoc|iPhone
		{E58ADACA-D923-47F7-BD32-F284E156CD44}.Ad-Hoc|iPhone.Build.0 = Ad-Hoc|iPhone
		{E58ADACA-D923-47F7-BD32-F284E156CD44}.Ad-Hoc|iPhoneSimulator.ActiveCfg = Ad-Hoc|iPhoneSimulator
		{E58ADACA-D923-47F7-BD32-F284E156CD44}.Ad-Hoc|iPhoneSimulator.Build.0 = Ad-Hoc|iPhoneSimulator
		{E58ADACA-D923-47F7-BD32-F284E156CD44}.AppStore|Any CPU.ActiveCfg = AppStore|iPhone
		{E58ADACA-D923-47F7-BD32-F284E156CD44}.AppStore|iPhone.ActiveCfg = AppStore|iPhone
		{E58ADACA-D923-47F7-BD32-F284E156CD44}.AppStore|iPhone.Build.0 = AppStore|iPhone
		{E58ADACA-D923-47F7-BD32-F284E156CD44}.AppStore|iPhoneSimulator.ActiveCfg = AppStore|iPhoneSimulator
		{E58ADACA-D923-47F7-BD32-F284E156CD44}.AppStore|iPhoneSimulator.Build.0 = AppStore|iPhoneSimulator
		{E58ADACA-D923-47F7-BD32-F284E156CD44}.Debug|Any CPU.ActiveCfg = Debug|iPhone
		{E58ADACA-D923-47F7-BD32-F284E156CD44}.Debug|iPhone.ActiveCfg = Debug|iPhone
		{E58ADACA-D923-47F7-BD32-F284E156CD44}.Debug|iPhone.Build.0 = Debug|iPhone
		{E58ADACA-D923-47F7-BD32-F284E156CD44}.Debug|iPhoneSimulator.ActiveCfg = Debug|iPhoneSimulator
		{E58ADACA-D923-47F7-BD32-F284E156CD44}.Debug|iPhoneSimulator.Build.0 = Debug|iPhoneSimulator
		{E58ADACA-D923-47F7-BD32-F284E156CD44}.Release|Any CPU.ActiveCfg = Release|iPhone
		{E58ADACA-D923-47F7-BD32-F284E156CD44}.Release|iPhone.ActiveCfg = Release|iPhone
		{E58ADACA-D923-47F7-BD32-F284E156CD44}.Release|iPhone.Build.0 = Release|iPhone
		{E58ADACA-D923-47F7-BD32-F284E156CD44}.Release|iPhoneSimulator.ActiveCfg = Release|iPhoneSimulator
		{E58ADACA-D923-47F7-BD32-F284E156CD44}.Release|iPhoneSimulator.Build.0 = Release|iPhoneSimulator
		{E705EB0C-667E-4BA3-8054-981E21A1DBE2}.Ad-Hoc|Any CPU.ActiveCfg = Debug|Any CPU
		{E705EB0C-667E-4BA3-8054-981E21A1DBE2}.Ad-Hoc|Any CPU.Build.0 = Debug|Any CPU
		{E705EB0C-667E-4BA3-8054-981E21A1DBE2}.Ad-Hoc|iPhone.ActiveCfg = Debug|Any CPU
		{E705EB0C-667E-4BA3-8054-981E21A1DBE2}.Ad-Hoc|iPhone.Build.0 = Debug|Any CPU
		{E705EB0C-667E-4BA3-8054-981E21A1DBE2}.Ad-Hoc|iPhoneSimulator.ActiveCfg = Debug|Any CPU
		{E705EB0C-667E-4BA3-8054-981E21A1DBE2}.Ad-Hoc|iPhoneSimulator.Build.0 = Debug|Any CPU
		{E705EB0C-667E-4BA3-8054-981E21A1DBE2}.AppStore|Any CPU.ActiveCfg = Debug|Any CPU
		{E705EB0C-667E-4BA3-8054-981E21A1DBE2}.AppStore|Any CPU.Build.0 = Debug|Any CPU
		{E705EB0C-667E-4BA3-8054-981E21A1DBE2}.AppStore|iPhone.ActiveCfg = Debug|Any CPU
		{E705EB0C-667E-4BA3-8054-981E21A1DBE2}.AppStore|iPhone.Build.0 = Debug|Any CPU
		{E705EB0C-667E-4BA3-8054-981E21A1DBE2}.AppStore|iPhoneSimulator.ActiveCfg = Debug|Any CPU
		{E705EB0C-667E-4BA3-8054-981E21A1DBE2}.AppStore|iPhoneSimulator.Build.0 = Debug|Any CPU
		{E705EB0C-667E-4BA3-8054-981E21A1DBE2}.Debug|Any CPU.ActiveCfg = Debug|Any CPU
		{E705EB0C-667E-4BA3-8054-981E21A1DBE2}.Debug|Any CPU.Build.0 = Debug|Any CPU
		{E705EB0C-667E-4BA3-8054-981E21A1DBE2}.Debug|iPhone.ActiveCfg = Debug|Any CPU
		{E705EB0C-667E-4BA3-8054-981E21A1DBE2}.Debug|iPhone.Build.0 = Debug|Any CPU
		{E705EB0C-667E-4BA3-8054-981E21A1DBE2}.Debug|iPhoneSimulator.ActiveCfg = Debug|Any CPU
		{E705EB0C-667E-4BA3-8054-981E21A1DBE2}.Debug|iPhoneSimulator.Build.0 = Debug|Any CPU
		{E705EB0C-667E-4BA3-8054-981E21A1DBE2}.Release|Any CPU.ActiveCfg = Release|Any CPU
		{E705EB0C-667E-4BA3-8054-981E21A1DBE2}.Release|Any CPU.Build.0 = Release|Any CPU
		{E705EB0C-667E-4BA3-8054-981E21A1DBE2}.Release|iPhone.ActiveCfg = Release|Any CPU
		{E705EB0C-667E-4BA3-8054-981E21A1DBE2}.Release|iPhone.Build.0 = Release|Any CPU
		{E705EB0C-667E-4BA3-8054-981E21A1DBE2}.Release|iPhoneSimulator.ActiveCfg = Release|Any CPU
		{E705EB0C-667E-4BA3-8054-981E21A1DBE2}.Release|iPhoneSimulator.Build.0 = Release|Any CPU
	EndGlobalSection
	GlobalSection(SolutionProperties) = preSolution
		HideSolutionNode = FALSE
	EndGlobalSection
	GlobalSection(ExtensibilityGlobals) = postSolution
		SolutionGuid = {F1AB93D3-E3FA-4D9C-8626-7BECA93C0327}
	EndGlobalSection
EndGlobal
